
Microsoft Visual Studio Solution File, Format Version 12.00
# Visual Studio 2013
VisualStudioVersion = 12.0.30723.0
MinimumVisualStudioVersion = 10.0.40219.1
Project("{FAE04EC0-301F-11D3-BF4B-00C04F79EFBC}") = "1DV402.S1.L02A", "1DV402.S1.L02A\1DV402.S1.L02A.csproj", "{BEE63F05-B0C8-4D1E-827F-9D498F61F2C0}"
EndProject
Global
	GlobalSection(SolutionConfigurationPlatforms) = preSolution
		Debug|Any CPU = Debug|Any CPU
		Release|Any CPU = Release|Any CPU
	EndGlobalSection
	GlobalSection(ProjectConfigurationPlatforms) = postSolution
		{BEE63F05-B0C8-4D1E-827F-9D498F61F2C0}.Debug|Any CPU.ActiveCfg = Debug|Any CPU
		{BEE63F05-B0C8-4D1E-827F-9D498F61F2C0}.Debug|Any CPU.Build.0 = Debug|Any CPU
		{BEE63F05-B0C8-4D1E-827F-9D498F61F2C0}.Release|Any CPU.ActiveCfg = Release|Any CPU
		{BEE63F05-B0C8-4D1E-827F-9D498F61F2C0}.Release|Any CPU.Build.0 = Release|Any CPU
	EndGlobalSection
	GlobalSection(SolutionProperties) = preSolution
		HideSolutionNode = FALSE
	EndGlobalSection
EndGlobal
